
Microsoft Visual Studio Solution File, Format Version 12.00
# Visual Studio 14
VisualStudioVersion = 14.0.22310.1
MinimumVisualStudioVersion = 10.0.40219.1
Project("{FAE04EC0-301F-11D3-BF4B-00C04F79EFBC}") = "EntityModel", "BackEnd\EntityModel\EntityModel.csproj", "{A4BE543D-2CF1-40AB-9889-E9E48CBF7DFE}"
EndProject
Project("{FAE04EC0-301F-11D3-BF4B-00C04F79EFBC}") = "Utility", "BackEnd\Utility\Utility.csproj", "{619EC13D-8939-4F23-B7DC-7A98964BB9A4}"
EndProject
Project("{FAE04EC0-301F-11D3-BF4B-00C04F79EFBC}") = "BuildMeta", "BackEnd\BuildMeta\BuildMeta.csproj", "{72F23021-B92B-4F4A-960E-F6D55CE114F0}"
EndProject
Project("{FAE04EC0-301F-11D3-BF4B-00C04F79EFBC}") = "UnitTest", "BackEnd\UnitTest\UnitTest.csproj", "{AA8AA0EE-C15B-4539-87DC-A2472E80EC2B}"
EndProject
Project("{2150E333-8FDC-42A3-9474-1A3956D46DE8}") = ".nuget", ".nuget", "{EC9D85F1-2BD4-498E-982F-8454F3D7ADA8}"
	ProjectSection(SolutionItems) = preProject
		.nuget\packages.config = .nuget\packages.config
	EndProjectSection
EndProject
Project("{2150E333-8FDC-42A3-9474-1A3956D46DE8}") = "Vsix", "Vsix", "{1EF3BBCB-7ED2-488A-BCBA-577417B5D2CE}"
EndProject
Project("{2150E333-8FDC-42A3-9474-1A3956D46DE8}") = "DocumentationWebsite", "DocumentationWebsite", "{5A0BE0B3-C5A1-4654-9396-0D7B19932150}"
EndProject
Project("{2150E333-8FDC-42A3-9474-1A3956D46DE8}") = "Installer", "Installer", "{E6E3426F-5093-42FD-B68D-D6BA73A30EE1}"
EndProject
Project("{FAE04EC0-301F-11D3-BF4B-00C04F79EFBC}") = "Installer", "Installer\Installer.csproj", "{920083CD-68E6-4C63-AAD2-F6BF66ACCDC1}"
	ProjectSection(ProjectDependencies) = postProject
		{890B4CFD-B6EF-4F11-8952-3D830BADBBC4} = {890B4CFD-B6EF-4F11-8952-3D830BADBBC4}
	EndProjectSection
EndProject
Project("{FAE04EC0-301F-11D3-BF4B-00C04F79EFBC}") = "DocumentationWebsiteTemplate", "Vsix\Template\DocumentationWebsiteTemplate\DocumentationWebsiteTemplate.csproj", "{95B7A46E-43FD-4414-80FD-4675C50284A0}"
EndProject
Project("{FAE04EC0-301F-11D3-BF4B-00C04F79EFBC}") = "DocascodeVsixProject", "Vsix\DocascodeVsixProject\DocascodeVsixProject.csproj", "{890B4CFD-B6EF-4F11-8952-3D830BADBBC4}"
EndProject
Project("{2150E333-8FDC-42A3-9474-1A3956D46DE8}") = "BackEnd", "BackEnd", "{B84EE9A2-2911-4D62-A214-DCDDA247C693}"
EndProject
Project("{2150E333-8FDC-42A3-9474-1A3956D46DE8}") = "FrontEnd", "FrontEnd", "{9B5580D8-1983-4DB8-AC14-5B8A6F3ADBD8}"
EndProject
Project("{8BB2217D-0F2D-49D1-97BC-3654ED321F3B}") = "Website", "FrontEnd\Website.kproj", "{C34CB581-2BF8-4420-B302-9106B7C40090}"
EndProject
Global
	GlobalSection(SolutionConfigurationPlatforms) = preSolution
		Debug|Any CPU = Debug|Any CPU
		Debug|ARM = Debug|ARM
		Debug|Mixed Platforms = Debug|Mixed Platforms
		Debug|x64 = Debug|x64
		Debug|x86 = Debug|x86
		Release|Any CPU = Release|Any CPU
		Release|ARM = Release|ARM
		Release|Mixed Platforms = Release|Mixed Platforms
		Release|x64 = Release|x64
		Release|x86 = Release|x86
	EndGlobalSection
	GlobalSection(ProjectConfigurationPlatforms) = postSolution
		{A4BE543D-2CF1-40AB-9889-E9E48CBF7DFE}.Debug|Any CPU.ActiveCfg = Debug|Any CPU
		{A4BE543D-2CF1-40AB-9889-E9E48CBF7DFE}.Debug|Any CPU.Build.0 = Debug|Any CPU
		{A4BE543D-2CF1-40AB-9889-E9E48CBF7DFE}.Debug|ARM.ActiveCfg = Debug|Any CPU
		{A4BE543D-2CF1-40AB-9889-E9E48CBF7DFE}.Debug|ARM.Build.0 = Debug|Any CPU
		{A4BE543D-2CF1-40AB-9889-E9E48CBF7DFE}.Debug|Mixed Platforms.ActiveCfg = Debug|Any CPU
		{A4BE543D-2CF1-40AB-9889-E9E48CBF7DFE}.Debug|Mixed Platforms.Build.0 = Debug|Any CPU
		{A4BE543D-2CF1-40AB-9889-E9E48CBF7DFE}.Debug|x64.ActiveCfg = Debug|Any CPU
		{A4BE543D-2CF1-40AB-9889-E9E48CBF7DFE}.Debug|x64.Build.0 = Debug|Any CPU
		{A4BE543D-2CF1-40AB-9889-E9E48CBF7DFE}.Debug|x86.ActiveCfg = Debug|Any CPU
		{A4BE543D-2CF1-40AB-9889-E9E48CBF7DFE}.Debug|x86.Build.0 = Debug|Any CPU
		{A4BE543D-2CF1-40AB-9889-E9E48CBF7DFE}.Release|Any CPU.ActiveCfg = Release|Any CPU
		{A4BE543D-2CF1-40AB-9889-E9E48CBF7DFE}.Release|Any CPU.Build.0 = Release|Any CPU
		{A4BE543D-2CF1-40AB-9889-E9E48CBF7DFE}.Release|ARM.ActiveCfg = Release|Any CPU
		{A4BE543D-2CF1-40AB-9889-E9E48CBF7DFE}.Release|ARM.Build.0 = Release|Any CPU
		{A4BE543D-2CF1-40AB-9889-E9E48CBF7DFE}.Release|Mixed Platforms.ActiveCfg = Release|Any CPU
		{A4BE543D-2CF1-40AB-9889-E9E48CBF7DFE}.Release|Mixed Platforms.Build.0 = Release|Any CPU
		{A4BE543D-2CF1-40AB-9889-E9E48CBF7DFE}.Release|x64.ActiveCfg = Release|Any CPU
		{A4BE543D-2CF1-40AB-9889-E9E48CBF7DFE}.Release|x64.Build.0 = Release|Any CPU
		{A4BE543D-2CF1-40AB-9889-E9E48CBF7DFE}.Release|x86.ActiveCfg = Release|Any CPU
		{A4BE543D-2CF1-40AB-9889-E9E48CBF7DFE}.Release|x86.Build.0 = Release|Any CPU
		{619EC13D-8939-4F23-B7DC-7A98964BB9A4}.Debug|Any CPU.ActiveCfg = Debug|Any CPU
		{619EC13D-8939-4F23-B7DC-7A98964BB9A4}.Debug|Any CPU.Build.0 = Debug|Any CPU
		{619EC13D-8939-4F23-B7DC-7A98964BB9A4}.Debug|ARM.ActiveCfg = Debug|Any CPU
		{619EC13D-8939-4F23-B7DC-7A98964BB9A4}.Debug|ARM.Build.0 = Debug|Any CPU
		{619EC13D-8939-4F23-B7DC-7A98964BB9A4}.Debug|Mixed Platforms.ActiveCfg = Debug|Any CPU
		{619EC13D-8939-4F23-B7DC-7A98964BB9A4}.Debug|Mixed Platforms.Build.0 = Debug|Any CPU
		{619EC13D-8939-4F23-B7DC-7A98964BB9A4}.Debug|x64.ActiveCfg = Debug|Any CPU
		{619EC13D-8939-4F23-B7DC-7A98964BB9A4}.Debug|x64.Build.0 = Debug|Any CPU
		{619EC13D-8939-4F23-B7DC-7A98964BB9A4}.Debug|x86.ActiveCfg = Debug|Any CPU
		{619EC13D-8939-4F23-B7DC-7A98964BB9A4}.Debug|x86.Build.0 = Debug|Any CPU
		{619EC13D-8939-4F23-B7DC-7A98964BB9A4}.Release|Any CPU.ActiveCfg = Release|Any CPU
		{619EC13D-8939-4F23-B7DC-7A98964BB9A4}.Release|Any CPU.Build.0 = Release|Any CPU
		{619EC13D-8939-4F23-B7DC-7A98964BB9A4}.Release|ARM.ActiveCfg = Release|Any CPU
		{619EC13D-8939-4F23-B7DC-7A98964BB9A4}.Release|ARM.Build.0 = Release|Any CPU
		{619EC13D-8939-4F23-B7DC-7A98964BB9A4}.Release|Mixed Platforms.ActiveCfg = Release|Any CPU
		{619EC13D-8939-4F23-B7DC-7A98964BB9A4}.Release|Mixed Platforms.Build.0 = Release|Any CPU
		{619EC13D-8939-4F23-B7DC-7A98964BB9A4}.Release|x64.ActiveCfg = Release|Any CPU
		{619EC13D-8939-4F23-B7DC-7A98964BB9A4}.Release|x64.Build.0 = Release|Any CPU
		{619EC13D-8939-4F23-B7DC-7A98964BB9A4}.Release|x86.ActiveCfg = Release|Any CPU
		{619EC13D-8939-4F23-B7DC-7A98964BB9A4}.Release|x86.Build.0 = Release|Any CPU
		{72F23021-B92B-4F4A-960E-F6D55CE114F0}.Debug|Any CPU.ActiveCfg = Debug|x86
		{72F23021-B92B-4F4A-960E-F6D55CE114F0}.Debug|Any CPU.Build.0 = Debug|x86
		{72F23021-B92B-4F4A-960E-F6D55CE114F0}.Debug|ARM.ActiveCfg = Debug|x86
		{72F23021-B92B-4F4A-960E-F6D55CE114F0}.Debug|Mixed Platforms.ActiveCfg = Debug|Any CPU
		{72F23021-B92B-4F4A-960E-F6D55CE114F0}.Debug|Mixed Platforms.Build.0 = Debug|Any CPU
		{72F23021-B92B-4F4A-960E-F6D55CE114F0}.Debug|x64.ActiveCfg = Debug|x86
		{72F23021-B92B-4F4A-960E-F6D55CE114F0}.Debug|x86.ActiveCfg = Debug|x86
		{72F23021-B92B-4F4A-960E-F6D55CE114F0}.Debug|x86.Build.0 = Debug|x86
		{72F23021-B92B-4F4A-960E-F6D55CE114F0}.Release|Any CPU.ActiveCfg = Release|x86
		{72F23021-B92B-4F4A-960E-F6D55CE114F0}.Release|ARM.ActiveCfg = Release|x86
		{72F23021-B92B-4F4A-960E-F6D55CE114F0}.Release|Mixed Platforms.ActiveCfg = Release|x86
		{72F23021-B92B-4F4A-960E-F6D55CE114F0}.Release|Mixed Platforms.Build.0 = Release|x86
		{72F23021-B92B-4F4A-960E-F6D55CE114F0}.Release|x64.ActiveCfg = Release|x86
		{72F23021-B92B-4F4A-960E-F6D55CE114F0}.Release|x86.ActiveCfg = Release|x86
		{72F23021-B92B-4F4A-960E-F6D55CE114F0}.Release|x86.Build.0 = Release|x86
		{AA8AA0EE-C15B-4539-87DC-A2472E80EC2B}.Debug|Any CPU.ActiveCfg = Debug|Any CPU
		{AA8AA0EE-C15B-4539-87DC-A2472E80EC2B}.Debug|Any CPU.Build.0 = Debug|Any CPU
		{AA8AA0EE-C15B-4539-87DC-A2472E80EC2B}.Debug|ARM.ActiveCfg = Debug|Any CPU
		{AA8AA0EE-C15B-4539-87DC-A2472E80EC2B}.Debug|ARM.Build.0 = Debug|Any CPU
		{AA8AA0EE-C15B-4539-87DC-A2472E80EC2B}.Debug|Mixed Platforms.ActiveCfg = Debug|Any CPU
		{AA8AA0EE-C15B-4539-87DC-A2472E80EC2B}.Debug|Mixed Platforms.Build.0 = Debug|Any CPU
		{AA8AA0EE-C15B-4539-87DC-A2472E80EC2B}.Debug|x64.ActiveCfg = Debug|Any CPU
		{AA8AA0EE-C15B-4539-87DC-A2472E80EC2B}.Debug|x64.Build.0 = Debug|Any CPU
		{AA8AA0EE-C15B-4539-87DC-A2472E80EC2B}.Debug|x86.ActiveCfg = Debug|Any CPU
		{AA8AA0EE-C15B-4539-87DC-A2472E80EC2B}.Debug|x86.Build.0 = Debug|Any CPU
		{AA8AA0EE-C15B-4539-87DC-A2472E80EC2B}.Release|Any CPU.ActiveCfg = Release|Any CPU
		{AA8AA0EE-C15B-4539-87DC-A2472E80EC2B}.Release|Any CPU.Build.0 = Release|Any CPU
		{AA8AA0EE-C15B-4539-87DC-A2472E80EC2B}.Release|ARM.ActiveCfg = Release|Any CPU
		{AA8AA0EE-C15B-4539-87DC-A2472E80EC2B}.Release|ARM.Build.0 = Release|Any CPU
		{AA8AA0EE-C15B-4539-87DC-A2472E80EC2B}.Release|Mixed Platforms.ActiveCfg = Release|Any CPU
		{AA8AA0EE-C15B-4539-87DC-A2472E80EC2B}.Release|Mixed Platforms.Build.0 = Release|Any CPU
		{AA8AA0EE-C15B-4539-87DC-A2472E80EC2B}.Release|x64.ActiveCfg = Release|Any CPU
		{AA8AA0EE-C15B-4539-87DC-A2472E80EC2B}.Release|x64.Build.0 = Release|Any CPU
		{AA8AA0EE-C15B-4539-87DC-A2472E80EC2B}.Release|x86.ActiveCfg = Release|Any CPU
		{AA8AA0EE-C15B-4539-87DC-A2472E80EC2B}.Release|x86.Build.0 = Release|Any CPU
		{920083CD-68E6-4C63-AAD2-F6BF66ACCDC1}.Debug|Any CPU.ActiveCfg = Debug|Any CPU
		{920083CD-68E6-4C63-AAD2-F6BF66ACCDC1}.Debug|Any CPU.Build.0 = Debug|Any CPU
		{920083CD-68E6-4C63-AAD2-F6BF66ACCDC1}.Debug|ARM.ActiveCfg = Debug|Any CPU
		{920083CD-68E6-4C63-AAD2-F6BF66ACCDC1}.Debug|ARM.Build.0 = Debug|Any CPU
		{920083CD-68E6-4C63-AAD2-F6BF66ACCDC1}.Debug|Mixed Platforms.ActiveCfg = Debug|Any CPU
		{920083CD-68E6-4C63-AAD2-F6BF66ACCDC1}.Debug|Mixed Platforms.Build.0 = Debug|Any CPU
		{920083CD-68E6-4C63-AAD2-F6BF66ACCDC1}.Debug|x64.ActiveCfg = Debug|Any CPU
		{920083CD-68E6-4C63-AAD2-F6BF66ACCDC1}.Debug|x64.Build.0 = Debug|Any CPU
		{920083CD-68E6-4C63-AAD2-F6BF66ACCDC1}.Debug|x86.ActiveCfg = Debug|Any CPU
		{920083CD-68E6-4C63-AAD2-F6BF66ACCDC1}.Debug|x86.Build.0 = Debug|Any CPU
		{920083CD-68E6-4C63-AAD2-F6BF66ACCDC1}.Release|Any CPU.ActiveCfg = Release|Any CPU
		{920083CD-68E6-4C63-AAD2-F6BF66ACCDC1}.Release|Any CPU.Build.0 = Release|Any CPU
		{920083CD-68E6-4C63-AAD2-F6BF66ACCDC1}.Release|ARM.ActiveCfg = Release|Any CPU
		{920083CD-68E6-4C63-AAD2-F6BF66ACCDC1}.Release|ARM.Build.0 = Release|Any CPU
		{920083CD-68E6-4C63-AAD2-F6BF66ACCDC1}.Release|Mixed Platforms.ActiveCfg = Release|Any CPU
		{920083CD-68E6-4C63-AAD2-F6BF66ACCDC1}.Release|Mixed Platforms.Build.0 = Release|Any CPU
		{920083CD-68E6-4C63-AAD2-F6BF66ACCDC1}.Release|x64.ActiveCfg = Release|Any CPU
		{920083CD-68E6-4C63-AAD2-F6BF66ACCDC1}.Release|x64.Build.0 = Release|Any CPU
		{920083CD-68E6-4C63-AAD2-F6BF66ACCDC1}.Release|x86.ActiveCfg = Release|Any CPU
		{920083CD-68E6-4C63-AAD2-F6BF66ACCDC1}.Release|x86.Build.0 = Release|Any CPU
		{95B7A46E-43FD-4414-80FD-4675C50284A0}.Debug|Any CPU.ActiveCfg = Debug|Any CPU
		{95B7A46E-43FD-4414-80FD-4675C50284A0}.Debug|Any CPU.Build.0 = Debug|Any CPU
		{95B7A46E-43FD-4414-80FD-4675C50284A0}.Debug|ARM.ActiveCfg = Debug|Any CPU
		{95B7A46E-43FD-4414-80FD-4675C50284A0}.Debug|ARM.Build.0 = Debug|Any CPU
		{95B7A46E-43FD-4414-80FD-4675C50284A0}.Debug|Mixed Platforms.ActiveCfg = Debug|Any CPU
		{95B7A46E-43FD-4414-80FD-4675C50284A0}.Debug|Mixed Platforms.Build.0 = Debug|Any CPU
		{95B7A46E-43FD-4414-80FD-4675C50284A0}.Debug|x64.ActiveCfg = Debug|Any CPU
		{95B7A46E-43FD-4414-80FD-4675C50284A0}.Debug|x64.Build.0 = Debug|Any CPU
		{95B7A46E-43FD-4414-80FD-4675C50284A0}.Debug|x86.ActiveCfg = Debug|Any CPU
		{95B7A46E-43FD-4414-80FD-4675C50284A0}.Debug|x86.Build.0 = Debug|Any CPU
		{95B7A46E-43FD-4414-80FD-4675C50284A0}.Release|Any CPU.ActiveCfg = Release|Any CPU
		{95B7A46E-43FD-4414-80FD-4675C50284A0}.Release|Any CPU.Build.0 = Release|Any CPU
		{95B7A46E-43FD-4414-80FD-4675C50284A0}.Release|ARM.ActiveCfg = Release|Any CPU
		{95B7A46E-43FD-4414-80FD-4675C50284A0}.Release|ARM.Build.0 = Release|Any CPU
		{95B7A46E-43FD-4414-80FD-4675C50284A0}.Release|Mixed Platforms.ActiveCfg = Release|Any CPU
		{95B7A46E-43FD-4414-80FD-4675C50284A0}.Release|Mixed Platforms.Build.0 = Release|Any CPU
		{95B7A46E-43FD-4414-80FD-4675C50284A0}.Release|x64.ActiveCfg = Release|Any CPU
		{95B7A46E-43FD-4414-80FD-4675C50284A0}.Release|x64.Build.0 = Release|Any CPU
		{95B7A46E-43FD-4414-80FD-4675C50284A0}.Release|x86.ActiveCfg = Release|Any CPU
		{95B7A46E-43FD-4414-80FD-4675C50284A0}.Release|x86.Build.0 = Release|Any CPU
		{890B4CFD-B6EF-4F11-8952-3D830BADBBC4}.Debug|Any CPU.ActiveCfg = Debug|Any CPU
		{890B4CFD-B6EF-4F11-8952-3D830BADBBC4}.Debug|Any CPU.Build.0 = Debug|Any CPU
		{890B4CFD-B6EF-4F11-8952-3D830BADBBC4}.Debug|ARM.ActiveCfg = Debug|Any CPU
		{890B4CFD-B6EF-4F11-8952-3D830BADBBC4}.Debug|ARM.Build.0 = Debug|Any CPU
		{890B4CFD-B6EF-4F11-8952-3D830BADBBC4}.Debug|Mixed Platforms.ActiveCfg = Debug|Any CPU
		{890B4CFD-B6EF-4F11-8952-3D830BADBBC4}.Debug|Mixed Platforms.Build.0 = Debug|Any CPU
		{890B4CFD-B6EF-4F11-8952-3D830BADBBC4}.Debug|x64.ActiveCfg = Debug|Any CPU
		{890B4CFD-B6EF-4F11-8952-3D830BADBBC4}.Debug|x64.Build.0 = Debug|Any CPU
		{890B4CFD-B6EF-4F11-8952-3D830BADBBC4}.Debug|x86.ActiveCfg = Debug|Any CPU
		{890B4CFD-B6EF-4F11-8952-3D830BADBBC4}.Debug|x86.Build.0 = Debug|Any CPU
		{890B4CFD-B6EF-4F11-8952-3D830BADBBC4}.Release|Any CPU.ActiveCfg = Release|Any CPU
		{890B4CFD-B6EF-4F11-8952-3D830BADBBC4}.Release|Any CPU.Build.0 = Release|Any CPU
		{890B4CFD-B6EF-4F11-8952-3D830BADBBC4}.Release|ARM.ActiveCfg = Release|Any CPU
		{890B4CFD-B6EF-4F11-8952-3D830BADBBC4}.Release|ARM.Build.0 = Release|Any CPU
		{890B4CFD-B6EF-4F11-8952-3D830BADBBC4}.Release|Mixed Platforms.ActiveCfg = Release|Any CPU
		{890B4CFD-B6EF-4F11-8952-3D830BADBBC4}.Release|Mixed Platforms.Build.0 = Release|Any CPU
		{890B4CFD-B6EF-4F11-8952-3D830BADBBC4}.Release|x64.ActiveCfg = Release|Any CPU
		{890B4CFD-B6EF-4F11-8952-3D830BADBBC4}.Release|x64.Build.0 = Release|Any CPU
		{890B4CFD-B6EF-4F11-8952-3D830BADBBC4}.Release|x86.ActiveCfg = Release|Any CPU
		{890B4CFD-B6EF-4F11-8952-3D830BADBBC4}.Release|x86.Build.0 = Release|Any CPU
		{C34CB581-2BF8-4420-B302-9106B7C40090}.Debug|Any CPU.ActiveCfg = Debug|Any CPU
		{C34CB581-2BF8-4420-B302-9106B7C40090}.Debug|Any CPU.Build.0 = Debug|Any CPU
		{C34CB581-2BF8-4420-B302-9106B7C40090}.Debug|ARM.ActiveCfg = Debug|Any CPU
		{C34CB581-2BF8-4420-B302-9106B7C40090}.Debug|ARM.Build.0 = Debug|Any CPU
		{C34CB581-2BF8-4420-B302-9106B7C40090}.Debug|Mixed Platforms.ActiveCfg = Debug|Any CPU
		{C34CB581-2BF8-4420-B302-9106B7C40090}.Debug|Mixed Platforms.Build.0 = Debug|Any CPU
		{C34CB581-2BF8-4420-B302-9106B7C40090}.Debug|x64.ActiveCfg = Debug|Any CPU
		{C34CB581-2BF8-4420-B302-9106B7C40090}.Debug|x64.Build.0 = Debug|Any CPU
		{C34CB581-2BF8-4420-B302-9106B7C40090}.Debug|x86.ActiveCfg = Debug|Any CPU
		{C34CB581-2BF8-4420-B302-9106B7C40090}.Debug|x86.Build.0 = Debug|Any CPU
		{C34CB581-2BF8-4420-B302-9106B7C40090}.Release|Any CPU.ActiveCfg = Release|Any CPU
		{C34CB581-2BF8-4420-B302-9106B7C40090}.Release|Any CPU.Build.0 = Release|Any CPU
		{C34CB581-2BF8-4420-B302-9106B7C40090}.Release|ARM.ActiveCfg = Release|Any CPU
		{C34CB581-2BF8-4420-B302-9106B7C40090}.Release|ARM.Build.0 = Release|Any CPU
		{C34CB581-2BF8-4420-B302-9106B7C40090}.Release|Mixed Platforms.ActiveCfg = Release|Any CPU
		{C34CB581-2BF8-4420-B302-9106B7C40090}.Release|Mixed Platforms.Build.0 = Release|Any CPU
		{C34CB581-2BF8-4420-B302-9106B7C40090}.Release|x64.ActiveCfg = Release|Any CPU
		{C34CB581-2BF8-4420-B302-9106B7C40090}.Release|x64.Build.0 = Release|Any CPU
		{C34CB581-2BF8-4420-B302-9106B7C40090}.Release|x86.ActiveCfg = Release|Any CPU
		{C34CB581-2BF8-4420-B302-9106B7C40090}.Release|x86.Build.0 = Release|Any CPU
	EndGlobalSection
	GlobalSection(SolutionProperties) = preSolution
		HideSolutionNode = FALSE
	EndGlobalSection
	GlobalSection(NestedProjects) = preSolution
		{A4BE543D-2CF1-40AB-9889-E9E48CBF7DFE} = {B84EE9A2-2911-4D62-A214-DCDDA247C693}
		{619EC13D-8939-4F23-B7DC-7A98964BB9A4} = {B84EE9A2-2911-4D62-A214-DCDDA247C693}
		{72F23021-B92B-4F4A-960E-F6D55CE114F0} = {B84EE9A2-2911-4D62-A214-DCDDA247C693}
		{AA8AA0EE-C15B-4539-87DC-A2472E80EC2B} = {B84EE9A2-2911-4D62-A214-DCDDA247C693}
		{5A0BE0B3-C5A1-4654-9396-0D7B19932150} = {1EF3BBCB-7ED2-488A-BCBA-577417B5D2CE}
		{920083CD-68E6-4C63-AAD2-F6BF66ACCDC1} = {E6E3426F-5093-42FD-B68D-D6BA73A30EE1}
		{95B7A46E-43FD-4414-80FD-4675C50284A0} = {5A0BE0B3-C5A1-4654-9396-0D7B19932150}
		{890B4CFD-B6EF-4F11-8952-3D830BADBBC4} = {1EF3BBCB-7ED2-488A-BCBA-577417B5D2CE}
		{C34CB581-2BF8-4420-B302-9106B7C40090} = {9B5580D8-1983-4DB8-AC14-5B8A6F3ADBD8}
	EndGlobalSection
EndGlobal
